
Microsoft Visual Studio Solution File, Format Version 12.00
# Visual Studio Version 16
VisualStudioVersion = 16.0.30621.155
MinimumVisualStudioVersion = 10.0.40219.1
Project("{FAE04EC0-301F-11D3-BF4B-00C04F79EFBC}") = "WpfMvvm.Model", "WpfMvvm.Model.csproj", "{685CE163-AC56-4687-99FB-5250635E03CC}"
EndProject
Global
	GlobalSection(SolutionConfigurationPlatforms) = preSolution
		Debug|Any CPU = Debug|Any CPU
		NuGet|Any CPU = NuGet|Any CPU
		Release|Any CPU = Release|Any CPU
	EndGlobalSection
	GlobalSection(ProjectConfigurationPlatforms) = postSolution
		{685CE163-AC56-4687-99FB-5250635E03CC}.Debug|Any CPU.ActiveCfg = Debug|Any CPU
		{685CE163-AC56-4687-99FB-5250635E03CC}.Debug|Any CPU.Build.0 = Debug|Any CPU
		{685CE163-AC56-4687-99FB-5250635E03CC}.NuGet|Any CPU.ActiveCfg = NuGet|Any CPU
		{685CE163-AC56-4687-99FB-5250635E03CC}.NuGet|Any CPU.Build.0 = NuGet|Any CPU
		{685CE163-AC56-4687-99FB-5250635E03CC}.Release|Any CPU.ActiveCfg = Release|Any CPU
		{685CE163-AC56-4687-99FB-5250635E03CC}.Release|Any CPU.Build.0 = Release|Any CPU
	EndGlobalSection
	GlobalSection(SolutionProperties) = preSolution
		HideSolutionNode = FALSE
	EndGlobalSection
	GlobalSection(ExtensibilityGlobals) = postSolution
		SolutionGuid = {60143528-C44F-4E42-BE05-DB905F794C2B}
	EndGlobalSection
EndGlobal
